<?xml version="1.0" encoding="utf-8"?>
<Project ToolsVersion="4.0" xmlns="http://schemas.microsoft.com/developer/msbuild/2003">
  <ItemGroup>
    <Filter Include="Source Files">
      <UniqueIdentifier>{4FC737F1-C7A5-4376-A066-2A32D752A2FF}</UniqueIdentifier>
      <Extensions>cpp;c;cc;cxx;c++;cppm;ixx;def;odl;idl;hpj;bat;asm;asmx</Extensions>
    </Filter>
    <Filter Include="Header Files">
      <UniqueIdentifier>{93995380-89BD-4b04-88EB-625FBE52EBFB}</UniqueIdentifier>
      <Extensions>h;hh;hpp;hxx;h++;hm;inl;inc;ipp;xsd</Extensions>
    </Filter>
    <Filter Include="Resource Files">
      <UniqueIdentifier>{67DA6AB6-F800-4c08-8B7A-83BB121AAD01}</UniqueIdentifier>
      <Extensions>rc;ico;cur;bmp;dlg;rc2;rct;bin;rgs;gif;jpg;jpeg;jpe;resx;tiff;tif;png;wav;mfcribbon-ms</Extensions>
    </Filter>
    <Filter Include="Source Files\renderer">
      <UniqueIdentifier>{6ade8963-fc2d-477e-802f-50395d83cf12}</UniqueIdentifier>
    </Filter>
    <Filter Include="Source Files\generator">
      <UniqueIdentifier>{bcff1e75-83bd-42f0-a63d-d0217955e953}</UniqueIdentifier>
    </Filter>
    <Filter Include="Source Files\global">
      <UniqueIdentifier>{37b75c1c-c4f5-47a4-a2d1-2ebb022de240}</UniqueIdentifier>
    </Filter>
    <Filter Include="Source Files\global\geometry">
      <UniqueIdentifier>{b8212269-3a66-4160-907b-14afc46f8003}</UniqueIdentifier>
    </Filter>
    <Filter Include="Source Files\generator\biome">
      <UniqueIdentifier>{bdf94701-9308-476f-b085-1f44e9907ce5}</UniqueIdentifier>
    </Filter>
    <Filter Include="Source Files\generator\terrain">
      <UniqueIdentifier>{e7867a88-1635-43b8-938e-084eddf249b9}</UniqueIdentifier>
    </Filter>
    <Filter Include="Source Files\generator\feature">
      <UniqueIdentifier>{f1972e41-ef1b-4dee-a9a2-8496ba8ce8cf}</UniqueIdentifier>
    </Filter>
    <Filter Include="Source Files\generator\noise">
      <UniqueIdentifier>{58fca7bd-b13d-45ba-bae7-b11d705f3830}</UniqueIdentifier>
    </Filter>
  </ItemGroup>
  <ItemGroup>
    <ClCompile Include="main.c">
      <Filter>Source Files\renderer</Filter>
    </ClCompile>
    <ClCompile Include="vectors.c">
      <Filter>Source Files\global\geometry</Filter>
    </ClCompile>
    <ClCompile Include="voxels.c">
      <Filter>Source Files\renderer</Filter>
    </ClCompile>
    <ClCompile Include="simplex.c">
      <Filter>Source Files\generator\noise</Filter>
    </ClCompile>
    <ClCompile Include="biome_generator.c">
      <Filter>Source Files\generator\biome</Filter>
    </ClCompile>
    <ClCompile Include="global.c">
      <Filter>Source Files\global</Filter>
    </ClCompile>
  </ItemGroup>
  <ItemGroup>
    <ClInclude Include="constants.h">
      <Filter>Source Files\global</Filter>
    </ClInclude>
    <ClInclude Include="vectors.h">
      <Filter>Source Files\global\geometry</Filter>
    </ClInclude>
    <ClInclude Include="voxels.h">
      <Filter>Source Files\renderer</Filter>
    </ClInclude>
    <ClInclude Include="main.h">
      <Filter>Source Files\renderer</Filter>
    </ClInclude>
    <ClInclude Include="biome_type.h">
      <Filter>Source Files\generator\biome</Filter>
    </ClInclude>
    <ClInclude Include="simplex.h">
      <Filter>Source Files\generator\noise</Filter>
    </ClInclude>
    <ClInclude Include="biome_generator.h">
      <Filter>Source Files\generator\biome</Filter>
    </ClInclude>
    <ClInclude Include="global.h">
      <Filter>Source Files\global</Filter>
    </ClInclude>
  </ItemGroup>
  <ItemGroup>
    <Text Include="generation.txt">
      <Filter>Source Files\generator</Filter>
    </Text>
    <Text Include="saving.txt">
      <Filter>Source Files\generator</Filter>
    </Text>
  </ItemGroup>
</Project>